
Microsoft Visual Studio Solution File, Format Version 12.00
# Visual Studio Version 17
VisualStudioVersion = 17.0.31903.59
MinimumVisualStudioVersion = 10.0.40219.1
Project("{FAE04EC0-301F-11D3-BF4B-00C04F79EFBC}") = "VirtLib.Windows", "VirtLib.Windows\VirtLib.Windows.csproj", "{9EC133EE-E898-4F9C-B465-22B3DC539DBF}"
EndProject
Project("{2150E333-8FDC-42A3-9474-1A3956D46DE8}") = ".build", ".build", "{FC497B44-6806-44D0-8E39-EAB3B9F60586}"
	ProjectSection(SolutionItems) = preProject
		.editorconfig = .editorconfig
		.gitignore = .gitignore
		Directory.Build.props = Directory.Build.props
		Directory.Build.targets = Directory.Build.targets
		NuGet.config = NuGet.config
		Packages.props = Packages.props
		stylecop.ruleset = stylecop.ruleset
		version.json = version.json
	EndProjectSection
EndProject
Project("{FAE04EC0-301F-11D3-BF4B-00C04F79EFBC}") = "VirtLib.Windows.Tests", "VirtLib.Windows.Tests\VirtLib.Windows.Tests.csproj", "{6D8A8A96-58E2-4990-A68E-0FF49A15C6F5}"
EndProject
Project("{2150E333-8FDC-42A3-9474-1A3956D46DE8}") = "Common", "Common", "{A2DF8F4B-B0C1-44F4-B732-E85C173A526C}"
EndProject
Project("{FAE04EC0-301F-11D3-BF4B-00C04F79EFBC}") = "Common.Settings", "Common\Common.Settings\Common.Settings.csproj", "{3CB8D7F2-D256-48D9-BE65-1620A33B0ACA}"
EndProject
Project("{FAE04EC0-301F-11D3-BF4B-00C04F79EFBC}") = "Common.Config", "Common\Common.Config\Common.Config.csproj", "{6D5F31ED-8F73-4919-82EE-EF8F5CBAB5A7}"
EndProject
Project("{FAE04EC0-301F-11D3-BF4B-00C04F79EFBC}") = "Common.Cache", "Common\Common.Cache\Common.Cache.csproj", "{3D86A133-4D0A-42E7-9A25-73350C5ECD28}"
EndProject
Project("{FAE04EC0-301F-11D3-BF4B-00C04F79EFBC}") = "Common.Auth", "Common\Common.Auth\Common.Auth.csproj", "{796262F7-DA57-4EF7-9EF4-7D0F43F9B4A5}"
EndProject
Project("{FAE04EC0-301F-11D3-BF4B-00C04F79EFBC}") = "Common.Config.Tests", "Common\Common.Config.Tests\Common.Config.Tests.csproj", "{9821A7B9-EC34-4007-A2DA-651DB46B58C6}"
EndProject
Project("{FAE04EC0-301F-11D3-BF4B-00C04F79EFBC}") = "Common.DocDb", "Common\Common.DocDb\Common.DocDb.csproj", "{2A853020-3612-424A-8014-01C94AF5DBDE}"
EndProject
Project("{FAE04EC0-301F-11D3-BF4B-00C04F79EFBC}") = "Common.Hosts", "Common\Common.Hosts\Common.Hosts.csproj", "{753C94CC-1363-4066-B81D-22C7E176325D}"
EndProject
Project("{FAE04EC0-301F-11D3-BF4B-00C04F79EFBC}") = "Common.Http", "Common\Common.Http\Common.Http.csproj", "{40EA01EB-A857-44B9-9ABB-A1A7645213F6}"
EndProject
Project("{FAE04EC0-301F-11D3-BF4B-00C04F79EFBC}") = "Common.KeyVault", "Common\Common.KeyVault\Common.KeyVault.csproj", "{BD7218D9-7D2A-44AD-BAB7-F911F2D0BA64}"
EndProject
Project("{FAE04EC0-301F-11D3-BF4B-00C04F79EFBC}") = "Common.Kusto", "Common\Common.Kusto\Common.Kusto.csproj", "{79E7785A-5A47-46F9-B313-647D28B592F0}"
EndProject
Project("{FAE04EC0-301F-11D3-BF4B-00C04F79EFBC}") = "Common.Monitoring", "Common\Common.Monitoring\Common.Monitoring.csproj", "{EDCBB28C-1A0C-4CB9-A76C-2F115464F147}"
EndProject
Project("{FAE04EC0-301F-11D3-BF4B-00C04F79EFBC}") = "Common.Shared", "Common\Common.Shared\Common.Shared.csproj", "{1AD24635-3B45-48A4-A583-AD4C417008D9}"
EndProject
Project("{FAE04EC0-301F-11D3-BF4B-00C04F79EFBC}") = "Common.Storage", "Common\Common.Storage\Common.Storage.csproj", "{48E772EC-778B-4226-BE8E-70DCF0169A0F}"
EndProject
Project("{FAE04EC0-301F-11D3-BF4B-00C04F79EFBC}") = "Common.Monitoring.Tests", "Common\Common.Monitoring.Tests\Common.Monitoring.Tests.csproj", "{7BCC41A8-CAAA-435E-B772-F9002BA8E6B0}"
EndProject
Project("{FAE04EC0-301F-11D3-BF4B-00C04F79EFBC}") = "Common.KeyVault.Tests", "Common\Common.KeyVault.Tests\Common.KeyVault.Tests.csproj", "{8524B53E-BD67-4395-9FEF-06D710D407A1}"
EndProject
Global
	GlobalSection(SolutionConfigurationPlatforms) = preSolution
		Debug|Any CPU = Debug|Any CPU
		Release|Any CPU = Release|Any CPU
	EndGlobalSection
	GlobalSection(SolutionProperties) = preSolution
		HideSolutionNode = FALSE
	EndGlobalSection
	GlobalSection(ProjectConfigurationPlatforms) = postSolution
		{9EC133EE-E898-4F9C-B465-22B3DC539DBF}.Debug|Any CPU.ActiveCfg = Debug|Any CPU
		{9EC133EE-E898-4F9C-B465-22B3DC539DBF}.Debug|Any CPU.Build.0 = Debug|Any CPU
		{9EC133EE-E898-4F9C-B465-22B3DC539DBF}.Release|Any CPU.ActiveCfg = Release|Any CPU
		{9EC133EE-E898-4F9C-B465-22B3DC539DBF}.Release|Any CPU.Build.0 = Release|Any CPU
		{6D8A8A96-58E2-4990-A68E-0FF49A15C6F5}.Debug|Any CPU.ActiveCfg = Debug|Any CPU
		{6D8A8A96-58E2-4990-A68E-0FF49A15C6F5}.Debug|Any CPU.Build.0 = Debug|Any CPU
		{6D8A8A96-58E2-4990-A68E-0FF49A15C6F5}.Release|Any CPU.ActiveCfg = Release|Any CPU
		{6D8A8A96-58E2-4990-A68E-0FF49A15C6F5}.Release|Any CPU.Build.0 = Release|Any CPU
		{3CB8D7F2-D256-48D9-BE65-1620A33B0ACA}.Debug|Any CPU.ActiveCfg = Debug|Any CPU
		{3CB8D7F2-D256-48D9-BE65-1620A33B0ACA}.Debug|Any CPU.Build.0 = Debug|Any CPU
		{3CB8D7F2-D256-48D9-BE65-1620A33B0ACA}.Release|Any CPU.ActiveCfg = Release|Any CPU
		{3CB8D7F2-D256-48D9-BE65-1620A33B0ACA}.Release|Any CPU.Build.0 = Release|Any CPU
		{6D5F31ED-8F73-4919-82EE-EF8F5CBAB5A7}.Debug|Any CPU.ActiveCfg = Debug|Any CPU
		{6D5F31ED-8F73-4919-82EE-EF8F5CBAB5A7}.Debug|Any CPU.Build.0 = Debug|Any CPU
		{6D5F31ED-8F73-4919-82EE-EF8F5CBAB5A7}.Release|Any CPU.ActiveCfg = Release|Any CPU
		{6D5F31ED-8F73-4919-82EE-EF8F5CBAB5A7}.Release|Any CPU.Build.0 = Release|Any CPU
		{3D86A133-4D0A-42E7-9A25-73350C5ECD28}.Debug|Any CPU.ActiveCfg = Debug|Any CPU
		{3D86A133-4D0A-42E7-9A25-73350C5ECD28}.Debug|Any CPU.Build.0 = Debug|Any CPU
		{3D86A133-4D0A-42E7-9A25-73350C5ECD28}.Release|Any CPU.ActiveCfg = Release|Any CPU
		{3D86A133-4D0A-42E7-9A25-73350C5ECD28}.Release|Any CPU.Build.0 = Release|Any CPU
		{796262F7-DA57-4EF7-9EF4-7D0F43F9B4A5}.Debug|Any CPU.ActiveCfg = Debug|Any CPU
		{796262F7-DA57-4EF7-9EF4-7D0F43F9B4A5}.Debug|Any CPU.Build.0 = Debug|Any CPU
		{796262F7-DA57-4EF7-9EF4-7D0F43F9B4A5}.Release|Any CPU.ActiveCfg = Release|Any CPU
		{796262F7-DA57-4EF7-9EF4-7D0F43F9B4A5}.Release|Any CPU.Build.0 = Release|Any CPU
		{9821A7B9-EC34-4007-A2DA-651DB46B58C6}.Debug|Any CPU.ActiveCfg = Debug|Any CPU
		{9821A7B9-EC34-4007-A2DA-651DB46B58C6}.Debug|Any CPU.Build.0 = Debug|Any CPU
		{9821A7B9-EC34-4007-A2DA-651DB46B58C6}.Release|Any CPU.ActiveCfg = Release|Any CPU
		{9821A7B9-EC34-4007-A2DA-651DB46B58C6}.Release|Any CPU.Build.0 = Release|Any CPU
		{2A853020-3612-424A-8014-01C94AF5DBDE}.Debug|Any CPU.ActiveCfg = Debug|Any CPU
		{2A853020-3612-424A-8014-01C94AF5DBDE}.Debug|Any CPU.Build.0 = Debug|Any CPU
		{2A853020-3612-424A-8014-01C94AF5DBDE}.Release|Any CPU.ActiveCfg = Release|Any CPU
		{2A853020-3612-424A-8014-01C94AF5DBDE}.Release|Any CPU.Build.0 = Release|Any CPU
		{753C94CC-1363-4066-B81D-22C7E176325D}.Debug|Any CPU.ActiveCfg = Debug|Any CPU
		{753C94CC-1363-4066-B81D-22C7E176325D}.Debug|Any CPU.Build.0 = Debug|Any CPU
		{753C94CC-1363-4066-B81D-22C7E176325D}.Release|Any CPU.ActiveCfg = Release|Any CPU
		{753C94CC-1363-4066-B81D-22C7E176325D}.Release|Any CPU.Build.0 = Release|Any CPU
		{40EA01EB-A857-44B9-9ABB-A1A7645213F6}.Debug|Any CPU.ActiveCfg = Debug|Any CPU
		{40EA01EB-A857-44B9-9ABB-A1A7645213F6}.Debug|Any CPU.Build.0 = Debug|Any CPU
		{40EA01EB-A857-44B9-9ABB-A1A7645213F6}.Release|Any CPU.ActiveCfg = Release|Any CPU
		{40EA01EB-A857-44B9-9ABB-A1A7645213F6}.Release|Any CPU.Build.0 = Release|Any CPU
		{BD7218D9-7D2A-44AD-BAB7-F911F2D0BA64}.Debug|Any CPU.ActiveCfg = Debug|Any CPU
		{BD7218D9-7D2A-44AD-BAB7-F911F2D0BA64}.Debug|Any CPU.Build.0 = Debug|Any CPU
		{BD7218D9-7D2A-44AD-BAB7-F911F2D0BA64}.Release|Any CPU.ActiveCfg = Release|Any CPU
		{BD7218D9-7D2A-44AD-BAB7-F911F2D0BA64}.Release|Any CPU.Build.0 = Release|Any CPU
		{79E7785A-5A47-46F9-B313-647D28B592F0}.Debug|Any CPU.ActiveCfg = Debug|Any CPU
		{79E7785A-5A47-46F9-B313-647D28B592F0}.Debug|Any CPU.Build.0 = Debug|Any CPU
		{79E7785A-5A47-46F9-B313-647D28B592F0}.Release|Any CPU.ActiveCfg = Release|Any CPU
		{79E7785A-5A47-46F9-B313-647D28B592F0}.Release|Any CPU.Build.0 = Release|Any CPU
		{EDCBB28C-1A0C-4CB9-A76C-2F115464F147}.Debug|Any CPU.ActiveCfg = Debug|Any CPU
		{EDCBB28C-1A0C-4CB9-A76C-2F115464F147}.Debug|Any CPU.Build.0 = Debug|Any CPU
		{EDCBB28C-1A0C-4CB9-A76C-2F115464F147}.Release|Any CPU.ActiveCfg = Release|Any CPU
		{EDCBB28C-1A0C-4CB9-A76C-2F115464F147}.Release|Any CPU.Build.0 = Release|Any CPU
		{1AD24635-3B45-48A4-A583-AD4C417008D9}.Debug|Any CPU.ActiveCfg = Debug|Any CPU
		{1AD24635-3B45-48A4-A583-AD4C417008D9}.Debug|Any CPU.Build.0 = Debug|Any CPU
		{1AD24635-3B45-48A4-A583-AD4C417008D9}.Release|Any CPU.ActiveCfg = Release|Any CPU
		{1AD24635-3B45-48A4-A583-AD4C417008D9}.Release|Any CPU.Build.0 = Release|Any CPU
		{48E772EC-778B-4226-BE8E-70DCF0169A0F}.Debug|Any CPU.ActiveCfg = Debug|Any CPU
		{48E772EC-778B-4226-BE8E-70DCF0169A0F}.Debug|Any CPU.Build.0 = Debug|Any CPU
		{48E772EC-778B-4226-BE8E-70DCF0169A0F}.Release|Any CPU.ActiveCfg = Release|Any CPU
		{48E772EC-778B-4226-BE8E-70DCF0169A0F}.Release|Any CPU.Build.0 = Release|Any CPU
		{7BCC41A8-CAAA-435E-B772-F9002BA8E6B0}.Debug|Any CPU.ActiveCfg = Debug|Any CPU
		{7BCC41A8-CAAA-435E-B772-F9002BA8E6B0}.Debug|Any CPU.Build.0 = Debug|Any CPU
		{7BCC41A8-CAAA-435E-B772-F9002BA8E6B0}.Release|Any CPU.ActiveCfg = Release|Any CPU
		{7BCC41A8-CAAA-435E-B772-F9002BA8E6B0}.Release|Any CPU.Build.0 = Release|Any CPU
		{8524B53E-BD67-4395-9FEF-06D710D407A1}.Debug|Any CPU.ActiveCfg = Debug|Any CPU
		{8524B53E-BD67-4395-9FEF-06D710D407A1}.Debug|Any CPU.Build.0 = Debug|Any CPU
		{8524B53E-BD67-4395-9FEF-06D710D407A1}.Release|Any CPU.ActiveCfg = Release|Any CPU
		{8524B53E-BD67-4395-9FEF-06D710D407A1}.Release|Any CPU.Build.0 = Release|Any CPU
	EndGlobalSection
	GlobalSection(NestedProjects) = preSolution
		{3CB8D7F2-D256-48D9-BE65-1620A33B0ACA} = {A2DF8F4B-B0C1-44F4-B732-E85C173A526C}
		{6D5F31ED-8F73-4919-82EE-EF8F5CBAB5A7} = {A2DF8F4B-B0C1-44F4-B732-E85C173A526C}
		{3D86A133-4D0A-42E7-9A25-73350C5ECD28} = {A2DF8F4B-B0C1-44F4-B732-E85C173A526C}
		{796262F7-DA57-4EF7-9EF4-7D0F43F9B4A5} = {A2DF8F4B-B0C1-44F4-B732-E85C173A526C}
		{9821A7B9-EC34-4007-A2DA-651DB46B58C6} = {A2DF8F4B-B0C1-44F4-B732-E85C173A526C}
		{2A853020-3612-424A-8014-01C94AF5DBDE} = {A2DF8F4B-B0C1-44F4-B732-E85C173A526C}
		{753C94CC-1363-4066-B81D-22C7E176325D} = {A2DF8F4B-B0C1-44F4-B732-E85C173A526C}
		{40EA01EB-A857-44B9-9ABB-A1A7645213F6} = {A2DF8F4B-B0C1-44F4-B732-E85C173A526C}
		{BD7218D9-7D2A-44AD-BAB7-F911F2D0BA64} = {A2DF8F4B-B0C1-44F4-B732-E85C173A526C}
		{79E7785A-5A47-46F9-B313-647D28B592F0} = {A2DF8F4B-B0C1-44F4-B732-E85C173A526C}
		{EDCBB28C-1A0C-4CB9-A76C-2F115464F147} = {A2DF8F4B-B0C1-44F4-B732-E85C173A526C}
		{1AD24635-3B45-48A4-A583-AD4C417008D9} = {A2DF8F4B-B0C1-44F4-B732-E85C173A526C}
		{48E772EC-778B-4226-BE8E-70DCF0169A0F} = {A2DF8F4B-B0C1-44F4-B732-E85C173A526C}
		{7BCC41A8-CAAA-435E-B772-F9002BA8E6B0} = {A2DF8F4B-B0C1-44F4-B732-E85C173A526C}
		{8524B53E-BD67-4395-9FEF-06D710D407A1} = {A2DF8F4B-B0C1-44F4-B732-E85C173A526C}
	EndGlobalSection
EndGlobal
