
Microsoft Visual Studio Solution File, Format Version 12.00
# Visual Studio Version 17
VisualStudioVersion = 17.0.31903.59
MinimumVisualStudioVersion = 10.0.40219.1
Project("{FAE04EC0-301F-11D3-BF4B-00C04F79EFBC}") = "VirtLib.Windows", "src\VirtLib.Windows\VirtLib.Windows.csproj", "{9EC133EE-E898-4F9C-B465-22B3DC539DBF}"
EndProject
Project("{2150E333-8FDC-42A3-9474-1A3956D46DE8}") = ".build", ".build", "{FC497B44-6806-44D0-8E39-EAB3B9F60586}"
	ProjectSection(SolutionItems) = preProject
		.editorconfig = .editorconfig
		.gitignore = .gitignore
		Directory.Build.props = Directory.Build.props
		Directory.Build.targets = Directory.Build.targets
		NuGet.config = NuGet.config
		Packages.props = Packages.props
		stylecop.ruleset = stylecop.ruleset
		version.json = version.json
		global.json = global.json
	EndProjectSection
EndProject
Project("{FAE04EC0-301F-11D3-BF4B-00C04F79EFBC}") = "VirtLib.Windows.Tests", "src\VirtLib.Windows.Tests\VirtLib.Windows.Tests.csproj", "{6D8A8A96-58E2-4990-A68E-0FF49A15C6F5}"
EndProject
Project("{2150E333-8FDC-42A3-9474-1A3956D46DE8}") = ".github", ".github", "{B0FFB952-DE1B-42AD-9568-D2F047AEFD3A}"
	ProjectSection(SolutionItems) = preProject
		.github\PULL_REQUEST_TEMPLATE.md = .github\PULL_REQUEST_TEMPLATE.md
	EndProjectSection
EndProject
Project("{2150E333-8FDC-42A3-9474-1A3956D46DE8}") = "workflows", "workflows", "{C674889D-EE26-4AFE-98AB-C39FCEBC83C4}"
	ProjectSection(SolutionItems) = preProject
		.github\workflows\build.yml = .github\workflows\build.yml
	EndProjectSection
EndProject
Project("{2150E333-8FDC-42A3-9474-1A3956D46DE8}") = "ISSUE_TEMPLATE", "ISSUE_TEMPLATE", "{795622F6-420F-4602-BC0B-F0763F6E5989}"
	ProjectSection(SolutionItems) = preProject
		.github\ISSUE_TEMPLATE\bug_report.md = .github\ISSUE_TEMPLATE\bug_report.md
		.github\ISSUE_TEMPLATE\feature_request.md = .github\ISSUE_TEMPLATE\feature_request.md
	EndProjectSection
EndProject
Project("{2150E333-8FDC-42A3-9474-1A3956D46DE8}") = "Tests", "Tests", "{CE7C0FE0-E01F-453E-AE1A-A8B73AFE49D9}"
EndProject
Project("{FAE04EC0-301F-11D3-BF4B-00C04F79EFBC}") = "Generation2VM", "Tests\Generation2VM\Generation2VM.csproj", "{2C1FB30A-B388-48BF-9630-B0F51B588841}"
EndProject
Project("{2150E333-8FDC-42A3-9474-1A3956D46DE8}") = "tool", "tool", "{0D9961EF-0192-41DF-BD75-53ECA29DBBEF}"
EndProject
Project("{FAE04EC0-301F-11D3-BF4B-00C04F79EFBC}") = "wmicodegen", "tool\wmicodegen\wmicodegen.csproj", "{F8C9D3C9-EFD6-45A1-9341-3CDCB56B40E7}"
EndProject
Global
	GlobalSection(SolutionConfigurationPlatforms) = preSolution
		Debug|Any CPU = Debug|Any CPU
		Release|Any CPU = Release|Any CPU
	EndGlobalSection
	GlobalSection(SolutionProperties) = preSolution
		HideSolutionNode = FALSE
	EndGlobalSection
	GlobalSection(ProjectConfigurationPlatforms) = postSolution
		{9EC133EE-E898-4F9C-B465-22B3DC539DBF}.Debug|Any CPU.ActiveCfg = Debug|Any CPU
		{9EC133EE-E898-4F9C-B465-22B3DC539DBF}.Debug|Any CPU.Build.0 = Debug|Any CPU
		{9EC133EE-E898-4F9C-B465-22B3DC539DBF}.Release|Any CPU.ActiveCfg = Release|Any CPU
		{9EC133EE-E898-4F9C-B465-22B3DC539DBF}.Release|Any CPU.Build.0 = Release|Any CPU
		{6D8A8A96-58E2-4990-A68E-0FF49A15C6F5}.Debug|Any CPU.ActiveCfg = Debug|Any CPU
		{6D8A8A96-58E2-4990-A68E-0FF49A15C6F5}.Debug|Any CPU.Build.0 = Debug|Any CPU
		{6D8A8A96-58E2-4990-A68E-0FF49A15C6F5}.Release|Any CPU.ActiveCfg = Release|Any CPU
		{6D8A8A96-58E2-4990-A68E-0FF49A15C6F5}.Release|Any CPU.Build.0 = Release|Any CPU
		{2C1FB30A-B388-48BF-9630-B0F51B588841}.Debug|Any CPU.ActiveCfg = Debug|Any CPU
		{2C1FB30A-B388-48BF-9630-B0F51B588841}.Debug|Any CPU.Build.0 = Debug|Any CPU
		{2C1FB30A-B388-48BF-9630-B0F51B588841}.Release|Any CPU.ActiveCfg = Release|Any CPU
		{2C1FB30A-B388-48BF-9630-B0F51B588841}.Release|Any CPU.Build.0 = Release|Any CPU
		{F8C9D3C9-EFD6-45A1-9341-3CDCB56B40E7}.Debug|Any CPU.ActiveCfg = Debug|Any CPU
		{F8C9D3C9-EFD6-45A1-9341-3CDCB56B40E7}.Debug|Any CPU.Build.0 = Debug|Any CPU
		{F8C9D3C9-EFD6-45A1-9341-3CDCB56B40E7}.Release|Any CPU.ActiveCfg = Release|Any CPU
		{F8C9D3C9-EFD6-45A1-9341-3CDCB56B40E7}.Release|Any CPU.Build.0 = Release|Any CPU
	EndGlobalSection
	GlobalSection(NestedProjects) = preSolution
		{C674889D-EE26-4AFE-98AB-C39FCEBC83C4} = {B0FFB952-DE1B-42AD-9568-D2F047AEFD3A}
		{795622F6-420F-4602-BC0B-F0763F6E5989} = {B0FFB952-DE1B-42AD-9568-D2F047AEFD3A}
		{2C1FB30A-B388-48BF-9630-B0F51B588841} = {CE7C0FE0-E01F-453E-AE1A-A8B73AFE49D9}
		{F8C9D3C9-EFD6-45A1-9341-3CDCB56B40E7} = {0D9961EF-0192-41DF-BD75-53ECA29DBBEF}
	EndGlobalSection
EndGlobal
